
Microsoft Visual Studio Solution File, Format Version 12.00
# Visual Studio Version 17
VisualStudioVersion = 17.9.34407.89
MinimumVisualStudioVersion = 10.0.40219.1
Project("{FAE04EC0-301F-11D3-BF4B-00C04F79EFBC}") = "maui19613MacCatWorkaround", "maui19613MacCatWorkaround\maui19613MacCatWorkaround.csproj", "{88787E4A-3230-4097-AA79-926D2F78894C}"
EndProject
Global
	GlobalSection(SolutionConfigurationPlatforms) = preSolution
		Debug|Any CPU = Debug|Any CPU
		Release|Any CPU = Release|Any CPU
	EndGlobalSection
	GlobalSection(ProjectConfigurationPlatforms) = postSolution
		{88787E4A-3230-4097-AA79-926D2F78894C}.Debug|Any CPU.ActiveCfg = Debug|Any CPU
		{88787E4A-3230-4097-AA79-926D2F78894C}.Debug|Any CPU.Build.0 = Debug|Any CPU
		{88787E4A-3230-4097-AA79-926D2F78894C}.Debug|Any CPU.Deploy.0 = Debug|Any CPU
		{88787E4A-3230-4097-AA79-926D2F78894C}.Release|Any CPU.ActiveCfg = Release|Any CPU
		{88787E4A-3230-4097-AA79-926D2F78894C}.Release|Any CPU.Build.0 = Release|Any CPU
		{88787E4A-3230-4097-AA79-926D2F78894C}.Release|Any CPU.Deploy.0 = Release|Any CPU
	EndGlobalSection
	GlobalSection(SolutionProperties) = preSolution
		HideSolutionNode = FALSE
	EndGlobalSection
	GlobalSection(ExtensibilityGlobals) = postSolution
		SolutionGuid = {D9FD9D56-1DE7-4CC3-8900-4875E5A18E8B}
	EndGlobalSection
EndGlobal
